
Microsoft Visual Studio Solution File, Format Version 12.00
Project("{FAE04EC0-301F-11D3-BF4B-00C04F79EFBC}") = "CodeChallanges.MarsRover", "CodeChallanges.MarsRover\CodeChallanges.MarsRover.csproj", "{DC122097-BDCA-4890-9ABC-D81165FCFCFE}"
EndProject
Global
	GlobalSection(SolutionConfigurationPlatforms) = preSolution
		Debug|Any CPU = Debug|Any CPU
		Release|Any CPU = Release|Any CPU
	EndGlobalSection
	GlobalSection(ProjectConfigurationPlatforms) = postSolution
		{DC122097-BDCA-4890-9ABC-D81165FCFCFE}.Debug|Any CPU.ActiveCfg = Debug|Any CPU
		{DC122097-BDCA-4890-9ABC-D81165FCFCFE}.Debug|Any CPU.Build.0 = Debug|Any CPU
		{DC122097-BDCA-4890-9ABC-D81165FCFCFE}.Release|Any CPU.ActiveCfg = Release|Any CPU
		{DC122097-BDCA-4890-9ABC-D81165FCFCFE}.Release|Any CPU.Build.0 = Release|Any CPU
	EndGlobalSection
EndGlobal
